
Microsoft Visual Studio Solution File, Format Version 12.00
# Visual Studio Version 17
VisualStudioVersion = 17.14.36221.1 d17.14
MinimumVisualStudioVersion = 10.0.40219.1
Project("{FAE04EC0-301F-11D3-BF4B-00C04F79EFBC}") = "CanteenManagementSystem", "CanteenManagementSystem\CanteenManagementSystem.csproj", "{EB8A9CD5-E7E0-4282-A448-D4D536FE7241}"
EndProject
Global
	GlobalSection(SolutionConfigurationPlatforms) = preSolution
		Debug|Any CPU = Debug|Any CPU
		Release|Any CPU = Release|Any CPU
	EndGlobalSection
	GlobalSection(ProjectConfigurationPlatforms) = postSolution
		{EB8A9CD5-E7E0-4282-A448-D4D536FE7241}.Debug|Any CPU.ActiveCfg = Debug|Any CPU
		{EB8A9CD5-E7E0-4282-A448-D4D536FE7241}.Debug|Any CPU.Build.0 = Debug|Any CPU
		{EB8A9CD5-E7E0-4282-A448-D4D536FE7241}.Release|Any CPU.ActiveCfg = Release|Any CPU
		{EB8A9CD5-E7E0-4282-A448-D4D536FE7241}.Release|Any CPU.Build.0 = Release|Any CPU
	EndGlobalSection
	GlobalSection(SolutionProperties) = preSolution
		HideSolutionNode = FALSE
	EndGlobalSection
	GlobalSection(ExtensibilityGlobals) = postSolution
		SolutionGuid = {FB36C5F0-C952-4B8E-94AA-E0FEC1326115}
	EndGlobalSection
EndGlobal
